# THIS IS AN AUTOGENERATED FILE. DO NOT EDIT THIS FILE DIRECTLY.
# yarn lockfile v1


lskit@^1.0.0:
  version "1.0.0"
  resolved "https://registry.yarnpkg.com/lskit/-/lskit-1.0.0.tgz#f856f406c8d88fa1edd17f8b0a53b488f84d2093"
  integrity sha512-IJEmiRtYAh19nxo+jIR9GQwBtIVNIFWb7wq4IN5D2J6++gFoLmoPbQSPQNhxIbpgnqKT/1JUonMQEVAgYjXPQg==
